
Microsoft Visual Studio Solution File, Format Version 12.00
# Visual Studio 15
VisualStudioVersion = 15.0.28010.2048
MinimumVisualStudioVersion = 10.0.40219.1
Project("{FAE04EC0-301F-11D3-BF4B-00C04F79EFBC}") = "AdventOfCode2018", "AdventOfCode2018\AdventOfCode2018.csproj", "{FA2D11AA-B6A7-46B6-BC0D-181AF367CA83}"
EndProject
Project("{FAE04EC0-301F-11D3-BF4B-00C04F79EFBC}") = "Day1", "Day1\Day1.csproj", "{2F2C655D-958F-4F1C-BCB7-C773E317F43D}"
EndProject
Project("{FAE04EC0-301F-11D3-BF4B-00C04F79EFBC}") = "Day2", "Day2\Day2.csproj", "{F6B11068-A005-4306-847E-A3AA8BD881C7}"
EndProject
Project("{FAE04EC0-301F-11D3-BF4B-00C04F79EFBC}") = "Day3", "Day3\Day3.csproj", "{0A652B06-C695-4641-AA0C-6A70D108AA88}"
EndProject
Project("{FAE04EC0-301F-11D3-BF4B-00C04F79EFBC}") = "Day4", "Day4\Day4.csproj", "{7AA4EEF5-BE5F-44ED-80F0-E9EE705DE01B}"
EndProject
Project("{FAE04EC0-301F-11D3-BF4B-00C04F79EFBC}") = "Day5", "Day5\Day5.csproj", "{4DCBBE49-C3A0-4F54-94E2-6B505724AAA0}"
EndProject
Project("{FAE04EC0-301F-11D3-BF4B-00C04F79EFBC}") = "Day6", "Day6\Day6.csproj", "{60C4F85F-3E92-40D0-9A96-D6958E3BB68F}"
EndProject
Project("{FAE04EC0-301F-11D3-BF4B-00C04F79EFBC}") = "Day7", "Day7\Day7.csproj", "{FC8E2F84-111B-45F1-8766-E8725F41FFAE}"
EndProject
Project("{FAE04EC0-301F-11D3-BF4B-00C04F79EFBC}") = "Day8", "Day8\Day8.csproj", "{A2B9A97F-4626-417D-8ABA-9B4280707FC3}"
EndProject
Project("{FAE04EC0-301F-11D3-BF4B-00C04F79EFBC}") = "Day9", "Day9\Day9.csproj", "{A8F0E568-8B73-4A05-81D1-7143F6B98CE7}"
EndProject
Global
	GlobalSection(SolutionConfigurationPlatforms) = preSolution
		Debug|Any CPU = Debug|Any CPU
		Release|Any CPU = Release|Any CPU
	EndGlobalSection
	GlobalSection(ProjectConfigurationPlatforms) = postSolution
		{FA2D11AA-B6A7-46B6-BC0D-181AF367CA83}.Debug|Any CPU.ActiveCfg = Debug|Any CPU
		{FA2D11AA-B6A7-46B6-BC0D-181AF367CA83}.Debug|Any CPU.Build.0 = Debug|Any CPU
		{FA2D11AA-B6A7-46B6-BC0D-181AF367CA83}.Release|Any CPU.ActiveCfg = Release|Any CPU
		{FA2D11AA-B6A7-46B6-BC0D-181AF367CA83}.Release|Any CPU.Build.0 = Release|Any CPU
		{2F2C655D-958F-4F1C-BCB7-C773E317F43D}.Debug|Any CPU.ActiveCfg = Debug|Any CPU
		{2F2C655D-958F-4F1C-BCB7-C773E317F43D}.Debug|Any CPU.Build.0 = Debug|Any CPU
		{2F2C655D-958F-4F1C-BCB7-C773E317F43D}.Release|Any CPU.ActiveCfg = Release|Any CPU
		{2F2C655D-958F-4F1C-BCB7-C773E317F43D}.Release|Any CPU.Build.0 = Release|Any CPU
		{F6B11068-A005-4306-847E-A3AA8BD881C7}.Debug|Any CPU.ActiveCfg = Debug|Any CPU
		{F6B11068-A005-4306-847E-A3AA8BD881C7}.Debug|Any CPU.Build.0 = Debug|Any CPU
		{F6B11068-A005-4306-847E-A3AA8BD881C7}.Release|Any CPU.ActiveCfg = Release|Any CPU
		{F6B11068-A005-4306-847E-A3AA8BD881C7}.Release|Any CPU.Build.0 = Release|Any CPU
		{0A652B06-C695-4641-AA0C-6A70D108AA88}.Debug|Any CPU.ActiveCfg = Debug|Any CPU
		{0A652B06-C695-4641-AA0C-6A70D108AA88}.Debug|Any CPU.Build.0 = Debug|Any CPU
		{0A652B06-C695-4641-AA0C-6A70D108AA88}.Release|Any CPU.ActiveCfg = Release|Any CPU
		{0A652B06-C695-4641-AA0C-6A70D108AA88}.Release|Any CPU.Build.0 = Release|Any CPU
		{7AA4EEF5-BE5F-44ED-80F0-E9EE705DE01B}.Debug|Any CPU.ActiveCfg = Debug|Any CPU
		{7AA4EEF5-BE5F-44ED-80F0-E9EE705DE01B}.Debug|Any CPU.Build.0 = Debug|Any CPU
		{7AA4EEF5-BE5F-44ED-80F0-E9EE705DE01B}.Release|Any CPU.ActiveCfg = Release|Any CPU
		{7AA4EEF5-BE5F-44ED-80F0-E9EE705DE01B}.Release|Any CPU.Build.0 = Release|Any CPU
		{4DCBBE49-C3A0-4F54-94E2-6B505724AAA0}.Debug|Any CPU.ActiveCfg = Debug|Any CPU
		{4DCBBE49-C3A0-4F54-94E2-6B505724AAA0}.Debug|Any CPU.Build.0 = Debug|Any CPU
		{4DCBBE49-C3A0-4F54-94E2-6B505724AAA0}.Release|Any CPU.ActiveCfg = Release|Any CPU
		{4DCBBE49-C3A0-4F54-94E2-6B505724AAA0}.Release|Any CPU.Build.0 = Release|Any CPU
		{60C4F85F-3E92-40D0-9A96-D6958E3BB68F}.Debug|Any CPU.ActiveCfg = Debug|Any CPU
		{60C4F85F-3E92-40D0-9A96-D6958E3BB68F}.Debug|Any CPU.Build.0 = Debug|Any CPU
		{60C4F85F-3E92-40D0-9A96-D6958E3BB68F}.Release|Any CPU.ActiveCfg = Release|Any CPU
		{60C4F85F-3E92-40D0-9A96-D6958E3BB68F}.Release|Any CPU.Build.0 = Release|Any CPU
		{FC8E2F84-111B-45F1-8766-E8725F41FFAE}.Debug|Any CPU.ActiveCfg = Debug|Any CPU
		{FC8E2F84-111B-45F1-8766-E8725F41FFAE}.Debug|Any CPU.Build.0 = Debug|Any CPU
		{FC8E2F84-111B-45F1-8766-E8725F41FFAE}.Release|Any CPU.ActiveCfg = Release|Any CPU
		{FC8E2F84-111B-45F1-8766-E8725F41FFAE}.Release|Any CPU.Build.0 = Release|Any CPU
		{A2B9A97F-4626-417D-8ABA-9B4280707FC3}.Debug|Any CPU.ActiveCfg = Debug|Any CPU
		{A2B9A97F-4626-417D-8ABA-9B4280707FC3}.Debug|Any CPU.Build.0 = Debug|Any CPU
		{A2B9A97F-4626-417D-8ABA-9B4280707FC3}.Release|Any CPU.ActiveCfg = Release|Any CPU
		{A2B9A97F-4626-417D-8ABA-9B4280707FC3}.Release|Any CPU.Build.0 = Release|Any CPU
		{A8F0E568-8B73-4A05-81D1-7143F6B98CE7}.Debug|Any CPU.ActiveCfg = Debug|Any CPU
		{A8F0E568-8B73-4A05-81D1-7143F6B98CE7}.Debug|Any CPU.Build.0 = Debug|Any CPU
		{A8F0E568-8B73-4A05-81D1-7143F6B98CE7}.Release|Any CPU.ActiveCfg = Release|Any CPU
		{A8F0E568-8B73-4A05-81D1-7143F6B98CE7}.Release|Any CPU.Build.0 = Release|Any CPU
	EndGlobalSection
	GlobalSection(SolutionProperties) = preSolution
		HideSolutionNode = FALSE
	EndGlobalSection
	GlobalSection(ExtensibilityGlobals) = postSolution
		SolutionGuid = {E407FECC-6AC0-43F6-88E1-D229A341E1AF}
	EndGlobalSection
EndGlobal
